<?xml version="1.0" encoding="utf-8"?>
<Project ToolsVersion="4.0" xmlns="http://schemas.microsoft.com/developer/msbuild/2003">
  <ItemGroup>
    <Filter Include="Source Files">
      <UniqueIdentifier>{4FC737F1-C7A5-4376-A066-2A32D752A2FF}</UniqueIdentifier>
      <Extensions>cpp;c;cc;cxx;c++;cppm;ixx;def;odl;idl;hpj;bat;asm;asmx</Extensions>
    </Filter>
    <Filter Include="Header Files">
      <UniqueIdentifier>{93995380-89BD-4b04-88EB-625FBE52EBFB}</UniqueIdentifier>
      <Extensions>h;hh;hpp;hxx;h++;hm;inl;inc;ipp;xsd</Extensions>
    </Filter>
    <Filter Include="Resource Files">
      <UniqueIdentifier>{67DA6AB6-F800-4c08-8B7A-83BB121AAD01}</UniqueIdentifier>
      <Extensions>rc;ico;cur;bmp;dlg;rc2;rct;bin;rgs;gif;jpg;jpeg;jpe;resx;tiff;tif;png;wav;mfcribbon-ms</Extensions>
    </Filter>
    <Filter Include="Header Files\Commands">
      <UniqueIdentifier>{b257778e-230f-406d-8dce-43906a0f6879}</UniqueIdentifier>
    </Filter>
    <Filter Include="Source Files\Commands">
      <UniqueIdentifier>{c8e03bf8-6e64-48c9-8c98-4f6d8f65f64a}</UniqueIdentifier>
    </Filter>
  </ItemGroup>
  <ItemGroup>
    <ClCompile Include="CAN_Analyzer_2.cpp">
      <Filter>Source Files</Filter>
    </ClCompile>
    <ClCompile Include="FileReader.cpp">
      <Filter>Source Files</Filter>
    </ClCompile>
    <ClCompile Include="UserInputHandler.cpp">
      <Filter>Source Files</Filter>
    </ClCompile>
    <ClCompile Include="CommandProcessor.cpp">
      <Filter>Source Files</Filter>
    </ClCompile>
    <ClCompile Include="ErrorCommand.cpp">
      <Filter>Source Files\Commands</Filter>
    </ClCompile>
    <ClCompile Include="ExitCommand.cpp">
      <Filter>Source Files\Commands</Filter>
    </ClCompile>
    <ClCompile Include="CMA_Utils.cpp">
      <Filter>Source Files</Filter>
    </ClCompile>
    <ClCompile Include="VINCommand.cpp">
      <Filter>Source Files\Commands</Filter>
    </ClCompile>
    <ClCompile Include="SortCommand.cpp">
      <Filter>Source Files\Commands</Filter>
    </ClCompile>
    <ClCompile Include="CMA_State.cpp">
      <Filter>Source Files</Filter>
    </ClCompile>
    <ClCompile Include="DirCommand.cpp">
      <Filter>Source Files\Commands</Filter>
    </ClCompile>
    <ClCompile Include="FileCommand.cpp">
      <Filter>Source Files\Commands</Filter>
    </ClCompile>
    <ClCompile Include="StepsCommand.cpp">
      <Filter>Source Files\Commands</Filter>
    </ClCompile>
    <ClCompile Include="PulseCommand.cpp">
      <Filter>Source Files\Commands</Filter>
    </ClCompile>
    <ClCompile Include="AnalogCommand.cpp">
      <Filter>Source Files\Commands</Filter>
    </ClCompile>
  </ItemGroup>
  <ItemGroup>
    <ClInclude Include="FileReader.h">
      <Filter>Header Files</Filter>
    </ClInclude>
    <ClInclude Include="CMA_Types.h">
      <Filter>Header Files</Filter>
    </ClInclude>
    <ClInclude Include="UserInputHandler.h">
      <Filter>Header Files</Filter>
    </ClInclude>
    <ClInclude Include="CommandProcessor.h">
      <Filter>Header Files</Filter>
    </ClInclude>
    <ClInclude Include="Command.h">
      <Filter>Header Files\Commands</Filter>
    </ClInclude>
    <ClInclude Include="ErrorCommand.h">
      <Filter>Header Files\Commands</Filter>
    </ClInclude>
    <ClInclude Include="ExitCommand.h">
      <Filter>Header Files\Commands</Filter>
    </ClInclude>
    <ClInclude Include="ByteSequenceExtractor.h">
      <Filter>Header Files</Filter>
    </ClInclude>
    <ClInclude Include="CMA_Utils.h">
      <Filter>Header Files</Filter>
    </ClInclude>
    <ClInclude Include="VINCommand.h">
      <Filter>Header Files\Commands</Filter>
    </ClInclude>
    <ClInclude Include="SortCommand.h">
      <Filter>Header Files\Commands</Filter>
    </ClInclude>
    <ClInclude Include="CMA_State.h">
      <Filter>Header Files</Filter>
    </ClInclude>
    <ClInclude Include="FileCommand.h">
      <Filter>Header Files\Commands</Filter>
    </ClInclude>
    <ClInclude Include="DirCommand.h">
      <Filter>Header Files\Commands</Filter>
    </ClInclude>
    <ClInclude Include="StepsCommand.h">
      <Filter>Header Files\Commands</Filter>
    </ClInclude>
    <ClInclude Include="PulseCommand.h">
      <Filter>Header Files\Commands</Filter>
    </ClInclude>
    <ClInclude Include="AnalogCommand.h">
      <Filter>Header Files\Commands</Filter>
    </ClInclude>
  </ItemGroup>
</Project>